
Microsoft Visual Studio Solution File, Format Version 12.00
# Visual Studio Version 17
VisualStudioVersion = 17.9.34723.18
MinimumVisualStudioVersion = 10.0.40219.1
Project("{FAE04EC0-301F-11D3-BF4B-00C04F79EFBC}") = "AbstractClassExample", "ConsoleApp6\AbstractClassExample.csproj", "{F8F3CD34-AF1A-44A7-B048-E241AE069495}"
EndProject
Global
	GlobalSection(SolutionConfigurationPlatforms) = preSolution
		Debug|Any CPU = Debug|Any CPU
		Release|Any CPU = Release|Any CPU
	EndGlobalSection
	GlobalSection(ProjectConfigurationPlatforms) = postSolution
		{F8F3CD34-AF1A-44A7-B048-E241AE069495}.Debug|Any CPU.ActiveCfg = Debug|Any CPU
		{F8F3CD34-AF1A-44A7-B048-E241AE069495}.Debug|Any CPU.Build.0 = Debug|Any CPU
		{F8F3CD34-AF1A-44A7-B048-E241AE069495}.Release|Any CPU.ActiveCfg = Release|Any CPU
		{F8F3CD34-AF1A-44A7-B048-E241AE069495}.Release|Any CPU.Build.0 = Release|Any CPU
	EndGlobalSection
	GlobalSection(SolutionProperties) = preSolution
		HideSolutionNode = FALSE
	EndGlobalSection
	GlobalSection(ExtensibilityGlobals) = postSolution
		SolutionGuid = {D060D2F1-9D11-491B-B9F5-DC402C94389B}
	EndGlobalSection
EndGlobal
